
Microsoft Visual Studio Solution File, Format Version 12.00
# Visual Studio Version 17
VisualStudioVersion = 17.4.33213.308
MinimumVisualStudioVersion = 10.0.40219.1
Project("{FAE04EC0-301F-11D3-BF4B-00C04F79EFBC}") = "WebApi2", "WebApi2\WebApi2.csproj", "{99AEDBEE-DD6D-4536-B18E-50095B690F59}"
EndProject
Global
	GlobalSection(SolutionConfigurationPlatforms) = preSolution
		Debug|Any CPU = Debug|Any CPU
		Release|Any CPU = Release|Any CPU
	EndGlobalSection
	GlobalSection(ProjectConfigurationPlatforms) = postSolution
		{99AEDBEE-DD6D-4536-B18E-50095B690F59}.Debug|Any CPU.ActiveCfg = Debug|Any CPU
		{99AEDBEE-DD6D-4536-B18E-50095B690F59}.Debug|Any CPU.Build.0 = Debug|Any CPU
		{99AEDBEE-DD6D-4536-B18E-50095B690F59}.Release|Any CPU.ActiveCfg = Release|Any CPU
		{99AEDBEE-DD6D-4536-B18E-50095B690F59}.Release|Any CPU.Build.0 = Release|Any CPU
	EndGlobalSection
	GlobalSection(SolutionProperties) = preSolution
		HideSolutionNode = FALSE
	EndGlobalSection
	GlobalSection(ExtensibilityGlobals) = postSolution
		SolutionGuid = {7DB32081-547D-486F-9CEF-A7319EF7F1E9}
	EndGlobalSection
EndGlobal
